
Microsoft Visual Studio Solution File, Format Version 12.00
# Visual Studio Version 17
VisualStudioVersion = 17.1.32414.318
MinimumVisualStudioVersion = 10.0.40219.1
Project("{FAE04EC0-301F-11D3-BF4B-00C04F79EFBC}") = "Problema1002", "Problema1002.csproj", "{EF041F1E-8664-400A-BDFC-85691C0FACE8}"
EndProject
Global
	GlobalSection(SolutionConfigurationPlatforms) = preSolution
		Debug|Any CPU = Debug|Any CPU
		Release|Any CPU = Release|Any CPU
	EndGlobalSection
	GlobalSection(ProjectConfigurationPlatforms) = postSolution
		{EF041F1E-8664-400A-BDFC-85691C0FACE8}.Debug|Any CPU.ActiveCfg = Debug|Any CPU
		{EF041F1E-8664-400A-BDFC-85691C0FACE8}.Debug|Any CPU.Build.0 = Debug|Any CPU
		{EF041F1E-8664-400A-BDFC-85691C0FACE8}.Release|Any CPU.ActiveCfg = Release|Any CPU
		{EF041F1E-8664-400A-BDFC-85691C0FACE8}.Release|Any CPU.Build.0 = Release|Any CPU
	EndGlobalSection
	GlobalSection(SolutionProperties) = preSolution
		HideSolutionNode = FALSE
	EndGlobalSection
	GlobalSection(ExtensibilityGlobals) = postSolution
		SolutionGuid = {B06AADA8-D84A-4F7F-ACC4-707CC30D1F7E}
	EndGlobalSection
EndGlobal
