
Microsoft Visual Studio Solution File, Format Version 12.00
# Visual Studio Version 17
VisualStudioVersion = 17.1.32414.318
MinimumVisualStudioVersion = 10.0.40219.1
Project("{FAE04EC0-301F-11D3-BF4B-00C04F79EFBC}") = "Problema1001", "Problema1001.csproj", "{5421EB7E-D580-411D-8105-EA8BF60962A8}"
EndProject
Global
	GlobalSection(SolutionConfigurationPlatforms) = preSolution
		Debug|Any CPU = Debug|Any CPU
		Release|Any CPU = Release|Any CPU
	EndGlobalSection
	GlobalSection(ProjectConfigurationPlatforms) = postSolution
		{5421EB7E-D580-411D-8105-EA8BF60962A8}.Debug|Any CPU.ActiveCfg = Debug|Any CPU
		{5421EB7E-D580-411D-8105-EA8BF60962A8}.Debug|Any CPU.Build.0 = Debug|Any CPU
		{5421EB7E-D580-411D-8105-EA8BF60962A8}.Release|Any CPU.ActiveCfg = Release|Any CPU
		{5421EB7E-D580-411D-8105-EA8BF60962A8}.Release|Any CPU.Build.0 = Release|Any CPU
	EndGlobalSection
	GlobalSection(SolutionProperties) = preSolution
		HideSolutionNode = FALSE
	EndGlobalSection
	GlobalSection(ExtensibilityGlobals) = postSolution
		SolutionGuid = {29B9974C-7379-4030-A1F1-1FEC9E6ADD41}
	EndGlobalSection
EndGlobal
