
Microsoft Visual Studio Solution File, Format Version 12.00
# Visual Studio Version 17
VisualStudioVersion = 17.1.32414.318
MinimumVisualStudioVersion = 10.0.40219.1
Project("{FAE04EC0-301F-11D3-BF4B-00C04F79EFBC}") = "Problema1003", "Problema1003.csproj", "{27E504B2-DAB1-4290-9A75-416E68D6B4EF}"
EndProject
Global
	GlobalSection(SolutionConfigurationPlatforms) = preSolution
		Debug|Any CPU = Debug|Any CPU
		Release|Any CPU = Release|Any CPU
	EndGlobalSection
	GlobalSection(ProjectConfigurationPlatforms) = postSolution
		{27E504B2-DAB1-4290-9A75-416E68D6B4EF}.Debug|Any CPU.ActiveCfg = Debug|Any CPU
		{27E504B2-DAB1-4290-9A75-416E68D6B4EF}.Debug|Any CPU.Build.0 = Debug|Any CPU
		{27E504B2-DAB1-4290-9A75-416E68D6B4EF}.Release|Any CPU.ActiveCfg = Release|Any CPU
		{27E504B2-DAB1-4290-9A75-416E68D6B4EF}.Release|Any CPU.Build.0 = Release|Any CPU
	EndGlobalSection
	GlobalSection(SolutionProperties) = preSolution
		HideSolutionNode = FALSE
	EndGlobalSection
	GlobalSection(ExtensibilityGlobals) = postSolution
		SolutionGuid = {454E7A68-E234-442D-BE08-C5B68D8C12B3}
	EndGlobalSection
EndGlobal
